
Microsoft Visual Studio Solution File, Format Version 12.00
# Visual Studio 15
Project("{FAE04EC0-301F-11D3-BF4B-00C04F79EFBC}") = "Assembly-CSharp", "Assembly-CSharp.csproj", "{4EDACC66-BC88-4898-FF1F-C9B6E7DFE7F1}"
EndProject
Project("{FAE04EC0-301F-11D3-BF4B-00C04F79EFBC}") = "AstarPathfindingProject", "AstarPathfindingProject.csproj", "{412C85A7-74C3-A340-1316-F4AF3FE85AF2}"
EndProject
Project("{FAE04EC0-301F-11D3-BF4B-00C04F79EFBC}") = "AstarPathfindingProjectEditor", "AstarPathfindingProjectEditor.csproj", "{2D0EA5FE-CCC4-4530-2BD9-BB8ADE0EF43E}"
EndProject
Project("{FAE04EC0-301F-11D3-BF4B-00C04F79EFBC}") = "PackageToolsEditor", "PackageToolsEditor.csproj", "{D13FD23C-3DD2-1322-1B05-46D938FF6E3B}"
EndProject
Global
	GlobalSection(SolutionConfigurationPlatforms) = preSolution
		Debug|Any CPU = Debug|Any CPU
		Release|Any CPU = Release|Any CPU
	EndGlobalSection
	GlobalSection(ProjectConfigurationPlatforms) = postSolution
		{4EDACC66-BC88-4898-FF1F-C9B6E7DFE7F1}.Debug|Any CPU.ActiveCfg = Debug|Any CPU
		{4EDACC66-BC88-4898-FF1F-C9B6E7DFE7F1}.Debug|Any CPU.Build.0 = Debug|Any CPU
		{4EDACC66-BC88-4898-FF1F-C9B6E7DFE7F1}.Release|Any CPU.ActiveCfg = Release|Any CPU
		{4EDACC66-BC88-4898-FF1F-C9B6E7DFE7F1}.Release|Any CPU.Build.0 = Release|Any CPU
		{412C85A7-74C3-A340-1316-F4AF3FE85AF2}.Debug|Any CPU.ActiveCfg = Debug|Any CPU
		{412C85A7-74C3-A340-1316-F4AF3FE85AF2}.Debug|Any CPU.Build.0 = Debug|Any CPU
		{412C85A7-74C3-A340-1316-F4AF3FE85AF2}.Release|Any CPU.ActiveCfg = Release|Any CPU
		{412C85A7-74C3-A340-1316-F4AF3FE85AF2}.Release|Any CPU.Build.0 = Release|Any CPU
		{2D0EA5FE-CCC4-4530-2BD9-BB8ADE0EF43E}.Debug|Any CPU.ActiveCfg = Debug|Any CPU
		{2D0EA5FE-CCC4-4530-2BD9-BB8ADE0EF43E}.Debug|Any CPU.Build.0 = Debug|Any CPU
		{2D0EA5FE-CCC4-4530-2BD9-BB8ADE0EF43E}.Release|Any CPU.ActiveCfg = Release|Any CPU
		{2D0EA5FE-CCC4-4530-2BD9-BB8ADE0EF43E}.Release|Any CPU.Build.0 = Release|Any CPU
		{D13FD23C-3DD2-1322-1B05-46D938FF6E3B}.Debug|Any CPU.ActiveCfg = Debug|Any CPU
		{D13FD23C-3DD2-1322-1B05-46D938FF6E3B}.Debug|Any CPU.Build.0 = Debug|Any CPU
		{D13FD23C-3DD2-1322-1B05-46D938FF6E3B}.Release|Any CPU.ActiveCfg = Release|Any CPU
		{D13FD23C-3DD2-1322-1B05-46D938FF6E3B}.Release|Any CPU.Build.0 = Release|Any CPU
	EndGlobalSection
	GlobalSection(SolutionProperties) = preSolution
		HideSolutionNode = FALSE
	EndGlobalSection
EndGlobal
